
Microsoft Visual Studio Solution File, Format Version 12.00
# Visual Studio Version 17
VisualStudioVersion = 17.7.34221.43
MinimumVisualStudioVersion = 10.0.40219.1
Project("{9A19103F-16F7-4668-BE54-9A1E7A4F7556}") = "W_Project", "W_Project\W_Project.csproj", "{53A81BDC-AC9A-4F33-9CA6-41F26CAB238F}"
EndProject
Project("{2150E333-8FDC-42A3-9474-1A3956D46DE8}") = "Projektmappenelemente", "Projektmappenelemente", "{DCA00888-3FF7-4A6E-BEDE-A4177CFF06AC}"
	ProjectSection(SolutionItems) = preProject
		MauiHelpContent.txt = MauiHelpContent.txt
		README.txt = README.txt
	EndProjectSection
EndProject
Global
	GlobalSection(SolutionConfigurationPlatforms) = preSolution
		Debug|Any CPU = Debug|Any CPU
		Debug|ARM64 = Debug|ARM64
		Release|Any CPU = Release|Any CPU
		Release|ARM64 = Release|ARM64
	EndGlobalSection
	GlobalSection(ProjectConfigurationPlatforms) = postSolution
		{53A81BDC-AC9A-4F33-9CA6-41F26CAB238F}.Debug|Any CPU.ActiveCfg = Debug|Any CPU
		{53A81BDC-AC9A-4F33-9CA6-41F26CAB238F}.Debug|Any CPU.Build.0 = Debug|Any CPU
		{53A81BDC-AC9A-4F33-9CA6-41F26CAB238F}.Debug|Any CPU.Deploy.0 = Debug|Any CPU
		{53A81BDC-AC9A-4F33-9CA6-41F26CAB238F}.Debug|ARM64.ActiveCfg = Debug|ARM64
		{53A81BDC-AC9A-4F33-9CA6-41F26CAB238F}.Debug|ARM64.Build.0 = Debug|ARM64
		{53A81BDC-AC9A-4F33-9CA6-41F26CAB238F}.Debug|ARM64.Deploy.0 = Debug|ARM64
		{53A81BDC-AC9A-4F33-9CA6-41F26CAB238F}.Release|Any CPU.ActiveCfg = Release|Any CPU
		{53A81BDC-AC9A-4F33-9CA6-41F26CAB238F}.Release|Any CPU.Build.0 = Release|Any CPU
		{53A81BDC-AC9A-4F33-9CA6-41F26CAB238F}.Release|Any CPU.Deploy.0 = Release|Any CPU
		{53A81BDC-AC9A-4F33-9CA6-41F26CAB238F}.Release|ARM64.ActiveCfg = Release|ARM64
		{53A81BDC-AC9A-4F33-9CA6-41F26CAB238F}.Release|ARM64.Build.0 = Release|ARM64
		{53A81BDC-AC9A-4F33-9CA6-41F26CAB238F}.Release|ARM64.Deploy.0 = Release|ARM64
	EndGlobalSection
	GlobalSection(SolutionProperties) = preSolution
		HideSolutionNode = FALSE
	EndGlobalSection
	GlobalSection(ExtensibilityGlobals) = postSolution
		SolutionGuid = {61C2E756-7CE0-43B2-A093-5460C683A460}
	EndGlobalSection
EndGlobal
