
Microsoft Visual Studio Solution File, Format Version 12.00
# Visual Studio Version 17
VisualStudioVersion = 17.5.002.0
MinimumVisualStudioVersion = 10.0.40219.1
Project("{9A19103F-16F7-4668-BE54-9A1E7A4F7556}") = "W_Project", "W_Project.csproj", "{F88863AD-80B6-47AF-9CB3-B2349EB09488}"
EndProject
Global
	GlobalSection(SolutionConfigurationPlatforms) = preSolution
		Debug|Any CPU = Debug|Any CPU
		Release|Any CPU = Release|Any CPU
	EndGlobalSection
	GlobalSection(ProjectConfigurationPlatforms) = postSolution
		{F88863AD-80B6-47AF-9CB3-B2349EB09488}.Debug|Any CPU.ActiveCfg = Debug|Any CPU
		{F88863AD-80B6-47AF-9CB3-B2349EB09488}.Debug|Any CPU.Build.0 = Debug|Any CPU
		{F88863AD-80B6-47AF-9CB3-B2349EB09488}.Release|Any CPU.ActiveCfg = Release|Any CPU
		{F88863AD-80B6-47AF-9CB3-B2349EB09488}.Release|Any CPU.Build.0 = Release|Any CPU
	EndGlobalSection
	GlobalSection(SolutionProperties) = preSolution
		HideSolutionNode = FALSE
	EndGlobalSection
	GlobalSection(ExtensibilityGlobals) = postSolution
		SolutionGuid = {34CE7585-83DF-4AD3-A30B-B03CCF18DCA8}
	EndGlobalSection
EndGlobal
